{
  "name": "bajo-web-book",
  "version": "0.1.14",
  "lockfileVersion": 1,
  "requires": true,
  "dependencies": {
    "@highlightjs/cdn-assets": {
      "version": "11.8.0",
      "resolved": "https://registry.npmjs.org/@highlightjs/cdn-assets/-/cdn-assets-11.8.0.tgz",
      "integrity": "sha512-gkfCH4xGBGY9xPaW+t26WpgnfpDhNhB5RtVUDLx3MHkC7ZrmKeIxXsfjzOiuOnEgRk+vydlY6XeOeglh+eVhyg=="
    },
    "@types/katex": {
      "version": "0.16.2",
      "resolved": "https://registry.npmjs.org/@types/katex/-/katex-0.16.2.tgz",
      "integrity": "sha512-dHsSjSlU/EWEEbeNADr3FtZZOAXPkFPUO457QCnoNqcZQXNqNEu/svQd0Nritvd3wNff4vvC/f4e6xgX3Llt8A=="
    },
    "argparse": {
      "version": "1.0.10",
      "resolved": "https://registry.npmjs.org/argparse/-/argparse-1.0.10.tgz",
      "integrity": "sha512-o5Roy6tNG4SL/FOkCAN6RzjiakZS25RLYFrcMttJqbdd8BWrnA+fGz57iN5Pb06pvBGvl5gQ0B48dJlslXvoTg==",
      "requires": {
        "sprintf-js": "~1.0.2"
      }
    },
    "commander": {
      "version": "8.3.0",
      "resolved": "https://registry.npmjs.org/commander/-/commander-8.3.0.tgz",
      "integrity": "sha512-OkTL9umf+He2DZkUq8f8J9of7yL6RJKI24dVITBmNfZBmri9zYZQrKkuXiKhyfPSu8tUhnVBB1iKXevvnlR4Ww=="
    },
    "esprima": {
      "version": "4.0.1",
      "resolved": "https://registry.npmjs.org/esprima/-/esprima-4.0.1.tgz",
      "integrity": "sha512-eGuFFw7Upda+g4p+QHvnW0RyTX/SVeJBDM/gCtMARO0cLuT2HcEKnTPvhjV6aGeqrCB/sbNop0Kszm0jsaWU4A=="
    },
    "extend-shallow": {
      "version": "2.0.1",
      "resolved": "https://registry.npmjs.org/extend-shallow/-/extend-shallow-2.0.1.tgz",
      "integrity": "sha512-zCnTtlxNoAiDc3gqY2aYAWFx7XWWiasuF2K8Me5WbN8otHKTUKBwjPtNpRs/rbUZm7KxWAaNj7P1a/p52GbVug==",
      "requires": {
        "is-extendable": "^0.1.0"
      }
    },
    "gray-matter": {
      "version": "4.0.3",
      "resolved": "https://registry.npmjs.org/gray-matter/-/gray-matter-4.0.3.tgz",
      "integrity": "sha512-5v6yZd4JK3eMI3FqqCouswVqwugaA9r4dNZB1wwcmrD02QkV5H0y7XBQW8QwQqEaZY1pM9aqORSORhJRdNK44Q==",
      "requires": {
        "js-yaml": "^3.13.1",
        "kind-of": "^6.0.2",
        "section-matter": "^1.0.0",
        "strip-bom-string": "^1.0.0"
      }
    },
    "highlight.js": {
      "version": "11.8.0",
      "resolved": "https://registry.npmjs.org/highlight.js/-/highlight.js-11.8.0.tgz",
      "integrity": "sha512-MedQhoqVdr0U6SSnWPzfiadUcDHfN/Wzq25AkXiQv9oiOO/sG0S7XkvpFIqWBl9Yq1UYyYOOVORs5UW2XlPyzg=="
    },
    "is-extendable": {
      "version": "0.1.1",
      "resolved": "https://registry.npmjs.org/is-extendable/-/is-extendable-0.1.1.tgz",
      "integrity": "sha512-5BMULNob1vgFX6EjQw5izWDxrecWK9AM72rugNr0TFldMOi0fj6Jk+zeKIt0xGj4cEfQIJth4w3OKWOJ4f+AFw=="
    },
    "js-yaml": {
      "version": "3.14.1",
      "resolved": "https://registry.npmjs.org/js-yaml/-/js-yaml-3.14.1.tgz",
      "integrity": "sha512-okMH7OXXJ7YrN9Ok3/SXrnu4iX9yOk+25nqX4imS2npuvTYDmo/QEZoqwZkYaIDk3jVvBOTOIEgEhaLOynBS9g==",
      "requires": {
        "argparse": "^1.0.7",
        "esprima": "^4.0.0"
      }
    },
    "katex": {
      "version": "0.16.8",
      "resolved": "https://registry.npmjs.org/katex/-/katex-0.16.8.tgz",
      "integrity": "sha512-ftuDnJbcbOckGY11OO+zg3OofESlbR5DRl2cmN8HeWeeFIV7wTXvAOx8kEjZjobhA+9wh2fbKeO6cdcA9Mnovg==",
      "requires": {
        "commander": "^8.3.0"
      }
    },
    "kind-of": {
      "version": "6.0.3",
      "resolved": "https://registry.npmjs.org/kind-of/-/kind-of-6.0.3.tgz",
      "integrity": "sha512-dcS1ul+9tmeD95T+x28/ehLgd9mENa3LsvDTtzm3vyBEO7RPptvAD+t44WVXaUjTBRcrpFeFlC8WCruUR456hw=="
    },
    "marked": {
      "version": "7.0.5",
      "resolved": "https://registry.npmjs.org/marked/-/marked-7.0.5.tgz",
      "integrity": "sha512-lwNAFTfXgqpt/XvK17a/8wY9/q6fcSPZT1aP6QW0u74VwaJF/Z9KbRcX23sWE4tODM+AolJNcUtErTkgOeFP/Q=="
    },
    "marked-custom-heading-id": {
      "version": "2.0.3",
      "resolved": "https://registry.npmjs.org/marked-custom-heading-id/-/marked-custom-heading-id-2.0.3.tgz",
      "integrity": "sha512-DybL2t5dtaKA3S5vQsgTENvQCS1XJuadXE/oOuT0x1dLo2oayZqgmsajFEemHQ7NhVaf61ADy6aXPxgtGxLJ0Q=="
    },
    "marked-emoji": {
      "version": "1.2.3",
      "resolved": "https://registry.npmjs.org/marked-emoji/-/marked-emoji-1.2.3.tgz",
      "integrity": "sha512-N0l92hXee03sduGSTb/yq8XjsbtQjWD33On0sgyyjWUreY6GkQKzX6Ul1P+Ul0FUOlNMLjcX+uR/tYBrvYlQOw=="
    },
    "marked-extended-tables": {
      "version": "1.0.6",
      "resolved": "https://registry.npmjs.org/marked-extended-tables/-/marked-extended-tables-1.0.6.tgz",
      "integrity": "sha512-l3bgWsVHxJLaZhDGYdg3tREoUt+Jzq05fGAoKfeORAyz149N/jxDOimcg4wYV27G2M/6meZR28jVgtV+qTXD1g=="
    },
    "marked-highlight": {
      "version": "2.0.4",
      "resolved": "https://registry.npmjs.org/marked-highlight/-/marked-highlight-2.0.4.tgz",
      "integrity": "sha512-hnm+rY3p+DQlSd2uY3zSXec+1kq5x9lD3+PWOMz0ROcil4Btcbt///Fto52jqWWt7XBGiTRk+1+w2rGfx2U2Sw=="
    },
    "marked-katex-extension": {
      "version": "3.0.4",
      "resolved": "https://registry.npmjs.org/marked-katex-extension/-/marked-katex-extension-3.0.4.tgz",
      "integrity": "sha512-PtZrtSqngp384BXYI+57eUrHSgvyiPbE0gON0FcD/PKEQI72zyfQ77dMRBCHsg564NTvuGNUao8sEZ5kEpW2lA==",
      "requires": {
        "@types/katex": "^0.16.2",
        "katex": "^0.16.8"
      }
    },
    "marked-mangle": {
      "version": "1.1.3",
      "resolved": "https://registry.npmjs.org/marked-mangle/-/marked-mangle-1.1.3.tgz",
      "integrity": "sha512-eVstXDoQzXZZ3tHDlCEEI0wGdequP1a5cBg04V7DF+pu2tso5QZAwJHGiMfDOFEo501TCW2PmKNjIaSdD3T5HQ=="
    },
    "section-matter": {
      "version": "1.0.0",
      "resolved": "https://registry.npmjs.org/section-matter/-/section-matter-1.0.0.tgz",
      "integrity": "sha512-vfD3pmTzGpufjScBh50YHKzEu2lxBWhVEHsNGoEXmCmn2hKGfeNLYMzCJpe8cD7gqX7TJluOVpBkAequ6dgMmA==",
      "requires": {
        "extend-shallow": "^2.0.1",
        "kind-of": "^6.0.0"
      }
    },
    "sprintf-js": {
      "version": "1.0.3",
      "resolved": "https://registry.npmjs.org/sprintf-js/-/sprintf-js-1.0.3.tgz",
      "integrity": "sha512-D9cPgkvLlV3t3IzL0D0YLvGA9Ahk4PcvVwUbN0dSGr1aP0Nrt4AEnTUbuGvquEC0mA64Gqt1fzirlRs5ibXx8g=="
    },
    "strip-bom-string": {
      "version": "1.0.0",
      "resolved": "https://registry.npmjs.org/strip-bom-string/-/strip-bom-string-1.0.0.tgz",
      "integrity": "sha512-uCC2VHvQRYu+lMh4My/sFNmF2klFymLX1wHJeXnbEJERpV/ZsVuonzerjfrGpIGF7LBVa1O7i9kjiWvJiFck8g=="
    }
  }
}
